
Microsoft Visual Studio Solution File, Format Version 12.00
# Visual Studio Version 17
VisualStudioVersion = 17.14.36518.9 d17.14
MinimumVisualStudioVersion = 10.0.40219.1
Project("{FAE04EC0-301F-11D3-BF4B-00C04F79EFBC}") = "test", "test.csproj", "{29E21EDF-23E0-4FBB-9B0A-E67610D8C81E}"
EndProject
Global
	GlobalSection(SolutionConfigurationPlatforms) = preSolution
		Debug|Any CPU = Debug|Any CPU
		Release|Any CPU = Release|Any CPU
	EndGlobalSection
	GlobalSection(ProjectConfigurationPlatforms) = postSolution
		{29E21EDF-23E0-4FBB-9B0A-E67610D8C81E}.Debug|Any CPU.ActiveCfg = Debug|Any CPU
		{29E21EDF-23E0-4FBB-9B0A-E67610D8C81E}.Debug|Any CPU.Build.0 = Debug|Any CPU
		{29E21EDF-23E0-4FBB-9B0A-E67610D8C81E}.Release|Any CPU.ActiveCfg = Release|Any CPU
		{29E21EDF-23E0-4FBB-9B0A-E67610D8C81E}.Release|Any CPU.Build.0 = Release|Any CPU
	EndGlobalSection
	GlobalSection(SolutionProperties) = preSolution
		HideSolutionNode = FALSE
	EndGlobalSection
	GlobalSection(ExtensibilityGlobals) = postSolution
		SolutionGuid = {68D0096E-E076-4939-9A84-BA1001BAEAE8}
	EndGlobalSection
EndGlobal
