
Microsoft Visual Studio Solution File, Format Version 12.00
# Visual Studio Version 17
VisualStudioVersion = 17.14.36408.4 d17.14
MinimumVisualStudioVersion = 10.0.40219.1
Project("{FAE04EC0-301F-11D3-BF4B-00C04F79EFBC}") = "NewOrderEvent", "NewOrderEvent.csproj", "{0F3DC313-886D-47DE-B3F9-F5EB65413539}"
EndProject
Global
	GlobalSection(SolutionConfigurationPlatforms) = preSolution
		Debug|Any CPU = Debug|Any CPU
		Release|Any CPU = Release|Any CPU
	EndGlobalSection
	GlobalSection(ProjectConfigurationPlatforms) = postSolution
		{0F3DC313-886D-47DE-B3F9-F5EB65413539}.Debug|Any CPU.ActiveCfg = Debug|Any CPU
		{0F3DC313-886D-47DE-B3F9-F5EB65413539}.Debug|Any CPU.Build.0 = Debug|Any CPU
		{0F3DC313-886D-47DE-B3F9-F5EB65413539}.Release|Any CPU.ActiveCfg = Release|Any CPU
		{0F3DC313-886D-47DE-B3F9-F5EB65413539}.Release|Any CPU.Build.0 = Release|Any CPU
	EndGlobalSection
	GlobalSection(SolutionProperties) = preSolution
		HideSolutionNode = FALSE
	EndGlobalSection
	GlobalSection(ExtensibilityGlobals) = postSolution
		SolutionGuid = {D204D01D-CE05-40D2-87CF-5266F5B2E2D8}
	EndGlobalSection
EndGlobal
