
Microsoft Visual Studio Solution File, Format Version 12.00
# Visual Studio Version 17
VisualStudioVersion = 17.14.36518.9
MinimumVisualStudioVersion = 10.0.40219.1
Project("{FAE04EC0-301F-11D3-BF4B-00C04F79EFBC}") = "PL_LibraryManagement", "PL_LibraryManagement.csproj", "{DB940C57-79C2-40B9-9E14-60B4F89FB9E1}"
EndProject
Project("{FAE04EC0-301F-11D3-BF4B-00C04F79EFBC}") = "DAL_LibraryManagement", "..\DAL_LibraryManagement\DAL_LibraryManagement.csproj", "{3E7E107A-72E2-4E1B-8E00-80EBBEF04382}"
EndProject
Project("{FAE04EC0-301F-11D3-BF4B-00C04F79EFBC}") = "BLL_LibraryManagement", "..\BLL_LibraryManagement\BLL_LibraryManagement.csproj", "{A6B94CE0-B3B5-4596-A455-553A2A434034}"
EndProject
Project("{FAE04EC0-301F-11D3-BF4B-00C04F79EFBC}") = "DTO_LibraryManagement", "..\DTO_LibraryManagement\DTO_LibraryManagement.csproj", "{9620B8A2-AB38-4DEB-BE0F-86AF39663E5A}"
EndProject
Global
	GlobalSection(SolutionConfigurationPlatforms) = preSolution
		Debug|Any CPU = Debug|Any CPU
		Release|Any CPU = Release|Any CPU
	EndGlobalSection
	GlobalSection(ProjectConfigurationPlatforms) = postSolution
		{DB940C57-79C2-40B9-9E14-60B4F89FB9E1}.Debug|Any CPU.ActiveCfg = Debug|Any CPU
		{DB940C57-79C2-40B9-9E14-60B4F89FB9E1}.Debug|Any CPU.Build.0 = Debug|Any CPU
		{DB940C57-79C2-40B9-9E14-60B4F89FB9E1}.Release|Any CPU.ActiveCfg = Release|Any CPU
		{DB940C57-79C2-40B9-9E14-60B4F89FB9E1}.Release|Any CPU.Build.0 = Release|Any CPU
		{3E7E107A-72E2-4E1B-8E00-80EBBEF04382}.Debug|Any CPU.ActiveCfg = Debug|Any CPU
		{3E7E107A-72E2-4E1B-8E00-80EBBEF04382}.Debug|Any CPU.Build.0 = Debug|Any CPU
		{3E7E107A-72E2-4E1B-8E00-80EBBEF04382}.Release|Any CPU.ActiveCfg = Release|Any CPU
		{3E7E107A-72E2-4E1B-8E00-80EBBEF04382}.Release|Any CPU.Build.0 = Release|Any CPU
		{A6B94CE0-B3B5-4596-A455-553A2A434034}.Debug|Any CPU.ActiveCfg = Debug|Any CPU
		{A6B94CE0-B3B5-4596-A455-553A2A434034}.Debug|Any CPU.Build.0 = Debug|Any CPU
		{A6B94CE0-B3B5-4596-A455-553A2A434034}.Release|Any CPU.ActiveCfg = Release|Any CPU
		{A6B94CE0-B3B5-4596-A455-553A2A434034}.Release|Any CPU.Build.0 = Release|Any CPU
		{9620B8A2-AB38-4DEB-BE0F-86AF39663E5A}.Debug|Any CPU.ActiveCfg = Debug|Any CPU
		{9620B8A2-AB38-4DEB-BE0F-86AF39663E5A}.Debug|Any CPU.Build.0 = Debug|Any CPU
		{9620B8A2-AB38-4DEB-BE0F-86AF39663E5A}.Release|Any CPU.ActiveCfg = Release|Any CPU
		{9620B8A2-AB38-4DEB-BE0F-86AF39663E5A}.Release|Any CPU.Build.0 = Release|Any CPU
	EndGlobalSection
	GlobalSection(SolutionProperties) = preSolution
		HideSolutionNode = FALSE
	EndGlobalSection
	GlobalSection(ExtensibilityGlobals) = postSolution
		SolutionGuid = {EEA09785-B33E-44C0-951F-3AE08C73D8B8}
	EndGlobalSection
EndGlobal
