
Microsoft Visual Studio Solution File, Format Version 12.00
# Visual Studio Version 17
VisualStudioVersion = 17.14.36408.4
MinimumVisualStudioVersion = 10.0.40219.1
Project("{FAE04EC0-301F-11D3-BF4B-00C04F79EFBC}") = "LibraryManagement", "LibraryManagement.csproj", "{6B1A2DD5-51D3-4A4E-A267-E08AFDEB0093}"
EndProject
Project("{FAE04EC0-301F-11D3-BF4B-00C04F79EFBC}") = "BLL_LibraryManagement", "..\BLL_LibraryManagement\BLL_LibraryManagement.csproj", "{A6B94CE0-B3B5-4596-A455-553A2A434034}"
EndProject
Project("{FAE04EC0-301F-11D3-BF4B-00C04F79EFBC}") = "DAL_LibraryManagement", "..\DAL_LibraryManagement\DAL_LibraryManagement.csproj", "{3E7E107A-72E2-4E1B-8E00-80EBBEF04382}"
EndProject
Global
	GlobalSection(SolutionConfigurationPlatforms) = preSolution
		Debug|Any CPU = Debug|Any CPU
		Release|Any CPU = Release|Any CPU
	EndGlobalSection
	GlobalSection(ProjectConfigurationPlatforms) = postSolution
		{6B1A2DD5-51D3-4A4E-A267-E08AFDEB0093}.Debug|Any CPU.ActiveCfg = Debug|Any CPU
		{6B1A2DD5-51D3-4A4E-A267-E08AFDEB0093}.Debug|Any CPU.Build.0 = Debug|Any CPU
		{6B1A2DD5-51D3-4A4E-A267-E08AFDEB0093}.Release|Any CPU.ActiveCfg = Release|Any CPU
		{6B1A2DD5-51D3-4A4E-A267-E08AFDEB0093}.Release|Any CPU.Build.0 = Release|Any CPU
		{A6B94CE0-B3B5-4596-A455-553A2A434034}.Debug|Any CPU.ActiveCfg = Debug|Any CPU
		{A6B94CE0-B3B5-4596-A455-553A2A434034}.Debug|Any CPU.Build.0 = Debug|Any CPU
		{A6B94CE0-B3B5-4596-A455-553A2A434034}.Release|Any CPU.ActiveCfg = Release|Any CPU
		{A6B94CE0-B3B5-4596-A455-553A2A434034}.Release|Any CPU.Build.0 = Release|Any CPU
		{3E7E107A-72E2-4E1B-8E00-80EBBEF04382}.Debug|Any CPU.ActiveCfg = Debug|Any CPU
		{3E7E107A-72E2-4E1B-8E00-80EBBEF04382}.Debug|Any CPU.Build.0 = Debug|Any CPU
		{3E7E107A-72E2-4E1B-8E00-80EBBEF04382}.Release|Any CPU.ActiveCfg = Release|Any CPU
		{3E7E107A-72E2-4E1B-8E00-80EBBEF04382}.Release|Any CPU.Build.0 = Release|Any CPU
	EndGlobalSection
	GlobalSection(SolutionProperties) = preSolution
		HideSolutionNode = FALSE
	EndGlobalSection
	GlobalSection(ExtensibilityGlobals) = postSolution
		SolutionGuid = {6267D736-A4AF-4275-8D25-D96F07CBB9D9}
	EndGlobalSection
EndGlobal
